
Microsoft Visual Studio Solution File, Format Version 12.00
# Visual Studio Version 17
VisualStudioVersion = 17.7.34024.191
MinimumVisualStudioVersion = 10.0.40219.1
Project("{FAE04EC0-301F-11D3-BF4B-00C04F79EFBC}") = "schule-als-staat-qr-scanner", "schule-als-staat-qr-scanner.csproj", "{D24C9C39-4D71-40A1-A829-8699F216B661}"
EndProject
Global
	GlobalSection(SolutionConfigurationPlatforms) = preSolution
		Debug|Any CPU = Debug|Any CPU
		Release|Any CPU = Release|Any CPU
	EndGlobalSection
	GlobalSection(ProjectConfigurationPlatforms) = postSolution
		{D24C9C39-4D71-40A1-A829-8699F216B661}.Debug|Any CPU.ActiveCfg = Debug|Any CPU
		{D24C9C39-4D71-40A1-A829-8699F216B661}.Debug|Any CPU.Build.0 = Debug|Any CPU
		{D24C9C39-4D71-40A1-A829-8699F216B661}.Release|Any CPU.ActiveCfg = Release|Any CPU
		{D24C9C39-4D71-40A1-A829-8699F216B661}.Release|Any CPU.Build.0 = Release|Any CPU
	EndGlobalSection
	GlobalSection(SolutionProperties) = preSolution
		HideSolutionNode = FALSE
	EndGlobalSection
	GlobalSection(ExtensibilityGlobals) = postSolution
		SolutionGuid = {49FB51A3-A4C5-4061-883F-8F19EC987900}
	EndGlobalSection
EndGlobal
